
Microsoft Visual Studio Solution File, Format Version 12.00
# Visual Studio 14
VisualStudioVersion = 14.0.25420.1
MinimumVisualStudioVersion = 10.0.40219.1
Project("{FAE04EC0-301F-11D3-BF4B-00C04F79EFBC}") = "Scanda.Service", "Scanda.Service\Scanda.Service.csproj", "{89D922F7-F4FB-4406-8660-C1FC07B07442}"
EndProject
Project("{FAE04EC0-301F-11D3-BF4B-00C04F79EFBC}") = "Scanda.AppTray", "Scanda.AppTray\Scanda.AppTray.csproj", "{8A811882-A3AD-402E-B2F0-D8963A938D18}"
EndProject
Project("{FAE04EC0-301F-11D3-BF4B-00C04F79EFBC}") = "Scanda.ConsoleApp", "Scanda.ConsoleApp\Scanda.ConsoleApp.csproj", "{903F96D6-222A-4B1C-90B2-9AEB1846D96D}"
EndProject
Project("{54435603-DBB4-11D2-8724-00A0C9A8B90C}") = "ScandaDB", "ScandaDB\ScandaDB.vdproj", "{9A786B5E-A927-43FC-A1A8-E4979599FDDF}"
EndProject
Project("{FAE04EC0-301F-11D3-BF4B-00C04F79EFBC}") = "Scanda.ClassLibrary", "Scanda.ClassLibrary\Scanda.ClassLibrary.csproj", "{3A7A463E-FCB7-465C-9956-523F0780A9C2}"
EndProject
Global
	GlobalSection(SolutionConfigurationPlatforms) = preSolution
		CD_ROM|Any CPU = CD_ROM|Any CPU
		CD_ROM|x64 = CD_ROM|x64
		Debug|Any CPU = Debug|Any CPU
		Debug|x64 = Debug|x64
		DVD-5|Any CPU = DVD-5|Any CPU
		DVD-5|x64 = DVD-5|x64
		Release|Any CPU = Release|Any CPU
		Release|x64 = Release|x64
		SingleImage|Any CPU = SingleImage|Any CPU
		SingleImage|x64 = SingleImage|x64
	EndGlobalSection
	GlobalSection(ProjectConfigurationPlatforms) = postSolution
		{89D922F7-F4FB-4406-8660-C1FC07B07442}.CD_ROM|Any CPU.ActiveCfg = Release|Any CPU
		{89D922F7-F4FB-4406-8660-C1FC07B07442}.CD_ROM|x64.ActiveCfg = Release|x64
		{89D922F7-F4FB-4406-8660-C1FC07B07442}.CD_ROM|x64.Build.0 = Release|x64
		{89D922F7-F4FB-4406-8660-C1FC07B07442}.Debug|Any CPU.ActiveCfg = Debug|Any CPU
		{89D922F7-F4FB-4406-8660-C1FC07B07442}.Debug|Any CPU.Build.0 = Debug|Any CPU
		{89D922F7-F4FB-4406-8660-C1FC07B07442}.Debug|x64.ActiveCfg = Debug|x64
		{89D922F7-F4FB-4406-8660-C1FC07B07442}.Debug|x64.Build.0 = Debug|x64
		{89D922F7-F4FB-4406-8660-C1FC07B07442}.DVD-5|Any CPU.ActiveCfg = Debug|Any CPU
		{89D922F7-F4FB-4406-8660-C1FC07B07442}.DVD-5|x64.ActiveCfg = Debug|x64
		{89D922F7-F4FB-4406-8660-C1FC07B07442}.DVD-5|x64.Build.0 = Debug|x64
		{89D922F7-F4FB-4406-8660-C1FC07B07442}.Release|Any CPU.ActiveCfg = Release|Any CPU
		{89D922F7-F4FB-4406-8660-C1FC07B07442}.Release|Any CPU.Build.0 = Release|Any CPU
		{89D922F7-F4FB-4406-8660-C1FC07B07442}.Release|x64.ActiveCfg = Release|x64
		{89D922F7-F4FB-4406-8660-C1FC07B07442}.Release|x64.Build.0 = Release|x64
		{89D922F7-F4FB-4406-8660-C1FC07B07442}.SingleImage|Any CPU.ActiveCfg = Release|Any CPU
		{89D922F7-F4FB-4406-8660-C1FC07B07442}.SingleImage|x64.ActiveCfg = Release|x64
		{89D922F7-F4FB-4406-8660-C1FC07B07442}.SingleImage|x64.Build.0 = Release|x64
		{8A811882-A3AD-402E-B2F0-D8963A938D18}.CD_ROM|Any CPU.ActiveCfg = Release|Any CPU
		{8A811882-A3AD-402E-B2F0-D8963A938D18}.CD_ROM|x64.ActiveCfg = Release|x64
		{8A811882-A3AD-402E-B2F0-D8963A938D18}.CD_ROM|x64.Build.0 = Release|x64
		{8A811882-A3AD-402E-B2F0-D8963A938D18}.Debug|Any CPU.ActiveCfg = Debug|Any CPU
		{8A811882-A3AD-402E-B2F0-D8963A938D18}.Debug|Any CPU.Build.0 = Debug|Any CPU
		{8A811882-A3AD-402E-B2F0-D8963A938D18}.Debug|x64.ActiveCfg = Debug|x64
		{8A811882-A3AD-402E-B2F0-D8963A938D18}.Debug|x64.Build.0 = Debug|x64
		{8A811882-A3AD-402E-B2F0-D8963A938D18}.DVD-5|Any CPU.ActiveCfg = Debug|Any CPU
		{8A811882-A3AD-402E-B2F0-D8963A938D18}.DVD-5|x64.ActiveCfg = Debug|x64
		{8A811882-A3AD-402E-B2F0-D8963A938D18}.DVD-5|x64.Build.0 = Debug|x64
		{8A811882-A3AD-402E-B2F0-D8963A938D18}.Release|Any CPU.ActiveCfg = Release|Any CPU
		{8A811882-A3AD-402E-B2F0-D8963A938D18}.Release|Any CPU.Build.0 = Release|Any CPU
		{8A811882-A3AD-402E-B2F0-D8963A938D18}.Release|x64.ActiveCfg = Release|x64
		{8A811882-A3AD-402E-B2F0-D8963A938D18}.Release|x64.Build.0 = Release|x64
		{8A811882-A3AD-402E-B2F0-D8963A938D18}.SingleImage|Any CPU.ActiveCfg = Release|Any CPU
		{8A811882-A3AD-402E-B2F0-D8963A938D18}.SingleImage|x64.ActiveCfg = Release|x64
		{8A811882-A3AD-402E-B2F0-D8963A938D18}.SingleImage|x64.Build.0 = Release|x64
		{903F96D6-222A-4B1C-90B2-9AEB1846D96D}.CD_ROM|Any CPU.ActiveCfg = Release|Any CPU
		{903F96D6-222A-4B1C-90B2-9AEB1846D96D}.CD_ROM|x64.ActiveCfg = Release|x64
		{903F96D6-222A-4B1C-90B2-9AEB1846D96D}.CD_ROM|x64.Build.0 = Release|x64
		{903F96D6-222A-4B1C-90B2-9AEB1846D96D}.Debug|Any CPU.ActiveCfg = Debug|Any CPU
		{903F96D6-222A-4B1C-90B2-9AEB1846D96D}.Debug|Any CPU.Build.0 = Debug|Any CPU
		{903F96D6-222A-4B1C-90B2-9AEB1846D96D}.Debug|x64.ActiveCfg = Debug|x64
		{903F96D6-222A-4B1C-90B2-9AEB1846D96D}.Debug|x64.Build.0 = Debug|x64
		{903F96D6-222A-4B1C-90B2-9AEB1846D96D}.DVD-5|Any CPU.ActiveCfg = Debug|Any CPU
		{903F96D6-222A-4B1C-90B2-9AEB1846D96D}.DVD-5|x64.ActiveCfg = Debug|x64
		{903F96D6-222A-4B1C-90B2-9AEB1846D96D}.DVD-5|x64.Build.0 = Debug|x64
		{903F96D6-222A-4B1C-90B2-9AEB1846D96D}.Release|Any CPU.ActiveCfg = Release|Any CPU
		{903F96D6-222A-4B1C-90B2-9AEB1846D96D}.Release|Any CPU.Build.0 = Release|Any CPU
		{903F96D6-222A-4B1C-90B2-9AEB1846D96D}.Release|x64.ActiveCfg = Release|x64
		{903F96D6-222A-4B1C-90B2-9AEB1846D96D}.Release|x64.Build.0 = Release|x64
		{903F96D6-222A-4B1C-90B2-9AEB1846D96D}.SingleImage|Any CPU.ActiveCfg = Release|Any CPU
		{903F96D6-222A-4B1C-90B2-9AEB1846D96D}.SingleImage|x64.ActiveCfg = Release|x64
		{903F96D6-222A-4B1C-90B2-9AEB1846D96D}.SingleImage|x64.Build.0 = Release|x64
		{9A786B5E-A927-43FC-A1A8-E4979599FDDF}.CD_ROM|Any CPU.ActiveCfg = Release
		{9A786B5E-A927-43FC-A1A8-E4979599FDDF}.CD_ROM|x64.ActiveCfg = Debug
		{9A786B5E-A927-43FC-A1A8-E4979599FDDF}.CD_ROM|x64.Build.0 = Debug
		{9A786B5E-A927-43FC-A1A8-E4979599FDDF}.Debug|Any CPU.ActiveCfg = Debug
		{9A786B5E-A927-43FC-A1A8-E4979599FDDF}.Debug|x64.ActiveCfg = Debug
		{9A786B5E-A927-43FC-A1A8-E4979599FDDF}.Debug|x64.Build.0 = Debug
		{9A786B5E-A927-43FC-A1A8-E4979599FDDF}.DVD-5|Any CPU.ActiveCfg = Debug
		{9A786B5E-A927-43FC-A1A8-E4979599FDDF}.DVD-5|x64.ActiveCfg = Debug
		{9A786B5E-A927-43FC-A1A8-E4979599FDDF}.DVD-5|x64.Build.0 = Debug
		{9A786B5E-A927-43FC-A1A8-E4979599FDDF}.Release|Any CPU.ActiveCfg = Release
		{9A786B5E-A927-43FC-A1A8-E4979599FDDF}.Release|Any CPU.Build.0 = Release
		{9A786B5E-A927-43FC-A1A8-E4979599FDDF}.Release|x64.ActiveCfg = Release
		{9A786B5E-A927-43FC-A1A8-E4979599FDDF}.Release|x64.Build.0 = Release
		{9A786B5E-A927-43FC-A1A8-E4979599FDDF}.SingleImage|Any CPU.ActiveCfg = Release
		{9A786B5E-A927-43FC-A1A8-E4979599FDDF}.SingleImage|x64.ActiveCfg = Debug
		{9A786B5E-A927-43FC-A1A8-E4979599FDDF}.SingleImage|x64.Build.0 = Debug
		{3A7A463E-FCB7-465C-9956-523F0780A9C2}.CD_ROM|Any CPU.ActiveCfg = Release|Any CPU
		{3A7A463E-FCB7-465C-9956-523F0780A9C2}.CD_ROM|Any CPU.Build.0 = Release|Any CPU
		{3A7A463E-FCB7-465C-9956-523F0780A9C2}.CD_ROM|x64.ActiveCfg = Release|x64
		{3A7A463E-FCB7-465C-9956-523F0780A9C2}.CD_ROM|x64.Build.0 = Release|x64
		{3A7A463E-FCB7-465C-9956-523F0780A9C2}.Debug|Any CPU.ActiveCfg = Debug|Any CPU
		{3A7A463E-FCB7-465C-9956-523F0780A9C2}.Debug|Any CPU.Build.0 = Debug|Any CPU
		{3A7A463E-FCB7-465C-9956-523F0780A9C2}.Debug|x64.ActiveCfg = Debug|x64
		{3A7A463E-FCB7-465C-9956-523F0780A9C2}.Debug|x64.Build.0 = Debug|x64
		{3A7A463E-FCB7-465C-9956-523F0780A9C2}.DVD-5|Any CPU.ActiveCfg = Debug|Any CPU
		{3A7A463E-FCB7-465C-9956-523F0780A9C2}.DVD-5|Any CPU.Build.0 = Debug|Any CPU
		{3A7A463E-FCB7-465C-9956-523F0780A9C2}.DVD-5|x64.ActiveCfg = Debug|x64
		{3A7A463E-FCB7-465C-9956-523F0780A9C2}.DVD-5|x64.Build.0 = Debug|x64
		{3A7A463E-FCB7-465C-9956-523F0780A9C2}.Release|Any CPU.ActiveCfg = Release|Any CPU
		{3A7A463E-FCB7-465C-9956-523F0780A9C2}.Release|Any CPU.Build.0 = Release|Any CPU
		{3A7A463E-FCB7-465C-9956-523F0780A9C2}.Release|x64.ActiveCfg = Release|x64
		{3A7A463E-FCB7-465C-9956-523F0780A9C2}.Release|x64.Build.0 = Release|x64
		{3A7A463E-FCB7-465C-9956-523F0780A9C2}.SingleImage|Any CPU.ActiveCfg = Release|Any CPU
		{3A7A463E-FCB7-465C-9956-523F0780A9C2}.SingleImage|Any CPU.Build.0 = Release|Any CPU
		{3A7A463E-FCB7-465C-9956-523F0780A9C2}.SingleImage|x64.ActiveCfg = Release|x64
		{3A7A463E-FCB7-465C-9956-523F0780A9C2}.SingleImage|x64.Build.0 = Release|x64
	EndGlobalSection
	GlobalSection(SolutionProperties) = preSolution
		HideSolutionNode = FALSE
	EndGlobalSection
EndGlobal
